{
  "nodes": {
    "neovim-src": {
      "flake": false,
      "locked": {
        "lastModified": 1725959467,
        "narHash": "sha256-guEKmGj7XWRZwGKsPU8gOscJ9Ylli8LaR32MCrBvkXE=",
        "owner": "neovim",
        "repo": "neovim",
        "rev": "4c5bce9cb417cf1c6a93cdd5ca6d3d52d2bf95d6",
        "type": "github"
      },
      "original": {
        "owner": "neovim",
        "repo": "neovim",
        "type": "github"
      }
    },
    "nixpkgs": {
      "locked": {
        "lastModified": 1725634671,
        "narHash": "sha256-v3rIhsJBOMLR8e/RNWxr828tB+WywYIoajrZKFM+0Gg=",
        "owner": "nixos",
        "repo": "nixpkgs",
        "rev": "574d1eac1c200690e27b8eb4e24887f8df7ac27c",
        "type": "github"
      },
      "original": {
        "owner": "nixos",
        "ref": "nixos-unstable",
        "repo": "nixpkgs",
        "type": "github"
      }
    },
    "root": {
      "inputs": {
        "neovim-src": "neovim-src",
        "nixpkgs": "nixpkgs",
        "vim-src": "vim-src"
      }
    },
    "vim-src": {
      "flake": false,
      "locked": {
        "lastModified": 1725998226,
        "narHash": "sha256-66IwjR95gXB3Xp+UNmJF3/kBGUPVg0/WWKqbMfqe4Ec=",
        "owner": "vim",
        "repo": "vim",
        "rev": "d657d3d8fd635dbd78402358788dc58a96d04117",
        "type": "github"
      },
      "original": {
        "owner": "vim",
        "repo": "vim",
        "type": "github"
      }
    }
  },
  "root": "root",
  "version": 7
}
