{
  "nodes": {
    "home-manager": {
      "inputs": {
        "nixpkgs": [
          "nixpkgs"
        ]
      },
      "locked": {
        "lastModified": 1728337164,
        "narHash": "sha256-VdRTjJFyq4Q9U7Z/UoC2Q5jK8vSo6E86lHc2OanXtvc=",
        "owner": "nix-community",
        "repo": "home-manager",
        "rev": "038630363e7de57c36c417fd2f5d7c14773403e4",
        "type": "github"
      },
      "original": {
        "owner": "nix-community",
        "repo": "home-manager",
        "type": "github"
      }
    },
    "neovim-src": {
      "flake": false,
      "locked": {
        "lastModified": 1728553203,
        "narHash": "sha256-kPKXu4vJpsqXKz/3bEvQOGzT858gVUtv77X2+X8vgWY=",
        "owner": "neovim",
        "repo": "neovim",
        "rev": "b3109084c2c3675aa886bf16ff15f50025f30096",
        "type": "github"
      },
      "original": {
        "owner": "neovim",
        "repo": "neovim",
        "type": "github"
      }
    },
    "nixpkgs": {
      "locked": {
        "lastModified": 1728492678,
        "narHash": "sha256-9UTxR8eukdg+XZeHgxW5hQA9fIKHsKCdOIUycTryeVw=",
        "owner": "nixos",
        "repo": "nixpkgs",
        "rev": "5633bcff0c6162b9e4b5f1264264611e950c8ec7",
        "type": "github"
      },
      "original": {
        "owner": "nixos",
        "ref": "nixos-unstable",
        "repo": "nixpkgs",
        "type": "github"
      }
    },
    "root": {
      "inputs": {
        "home-manager": "home-manager",
        "neovim-src": "neovim-src",
        "nixpkgs": "nixpkgs",
        "vim-src": "vim-src"
      }
    },
    "vim-src": {
      "flake": false,
      "locked": {
        "lastModified": 1728497965,
        "narHash": "sha256-OVkoW4j1KTeJGNKaOzBBcYNjtt8/MJGzHIyNZErYpHI=",
        "owner": "vim",
        "repo": "vim",
        "rev": "7baa014d0f73c3b2c6831471d047220633651238",
        "type": "github"
      },
      "original": {
        "owner": "vim",
        "repo": "vim",
        "type": "github"
      }
    }
  },
  "root": "root",
  "version": 7
}
