{
	"deno-pty-ffi": {
		"hash": "sha256-HPBMgQMTypkDxheeIjXu0Mv3C7GxE1QP30sxujhwnj0=",
		"name": "deno-pty-ffi",
		"owner": "sigmaSd",
		"repo": "deno-pty-ffi",
		"rev": "9a571455b8486a3cb3cbbe02971595f0e4b5777b"
	},
	"deno2nix": {
		"hash": "sha256-MXylEp9xczBaKKtp7KAYvmvGq9tH5hQkhc6I05E1RCI=",
		"name": "deno2nix",
		"owner": "kuuote",
		"repo": "deno2nix",
		"rev": "644e3e8fdfd62a0f8b0a267a297202043dd972ec"
	},
	"neovim": {
		"hash": "sha256-0IIN9eWan5Lt80PxZqmkUu9zvZsybZFrYLyitx/dPIc=",
		"name": "neovim",
		"owner": "neovim",
		"repo": "neovim",
		"rev": "8a7bfdc0792229e87fcaebdcf2e877fb91e2455c"
	},
	"vim": {
		"hash": "sha256-uIq9/dFj++wLMIJshHZDlNoaV3IGBGp3iJolrI4f4UQ=",
		"name": "vim",
		"owner": "vim",
		"repo": "vim",
		"rev": "0fde6aebddef5cb0428e85040994ba45e55cba99"
	}
}