{
	"deno-pty-ffi": {
		"hash": "sha256-M7hnlZeTcpgTDNuENKxAMluCJdw2CgtF3FLQGtQYn/Y=",
		"name": "deno-pty-ffi",
		"owner": "sigmaSd",
		"repo": "deno-pty-ffi",
		"rev": "30a1aa11101cc2f896d50b8d0404a02152efe61b"
	},
	"deno2nix": {
		"hash": "sha256-MXylEp9xczBaKKtp7KAYvmvGq9tH5hQkhc6I05E1RCI=",
		"name": "deno2nix",
		"owner": "kuuote",
		"repo": "deno2nix",
		"rev": "644e3e8fdfd62a0f8b0a267a297202043dd972ec"
	},
	"neovim": {
		"hash": "sha256-9mW1uV1XMKO9OwHUfOPb7zYJ286CCC5FdHayuGKOlRo=",
		"name": "neovim",
		"owner": "neovim",
		"repo": "neovim",
		"rev": "6383123326483db401c09a5e1f4dc99f11c900d6"
	},
	"vim": {
		"hash": "sha256-u1FMYejeKHocD0x4bqXJDSLDPIFdwNxwb/fbv5h/GSo=",
		"name": "vim",
		"owner": "vim",
		"repo": "vim",
		"rev": "b46cbecb1d02de7df7525a31c4519ed897a0a6ec"
	}
}