{
	"deno-pty-ffi": {
		"hash": "sha256-M7hnlZeTcpgTDNuENKxAMluCJdw2CgtF3FLQGtQYn/Y=",
		"name": "deno-pty-ffi",
		"owner": "sigmaSd",
		"repo": "deno-pty-ffi",
		"rev": "30a1aa11101cc2f896d50b8d0404a02152efe61b"
	},
	"deno2nix": {
		"hash": "sha256-MXylEp9xczBaKKtp7KAYvmvGq9tH5hQkhc6I05E1RCI=",
		"name": "deno2nix",
		"owner": "kuuote",
		"repo": "deno2nix",
		"rev": "644e3e8fdfd62a0f8b0a267a297202043dd972ec"
	},
	"neovim": {
		"hash": "sha256-LGw8Y2VvVQRZ6pcqyZpkYQkIwTOh2eP5dIKWXjxZwZw=",
		"name": "neovim",
		"owner": "neovim",
		"repo": "neovim",
		"rev": "c50d544d0386ff4f1a48360664b4bae108861da3"
	},
	"vim": {
		"hash": "sha256-hlhzdL4hq/Atc1ulfAKMrTCP8UY8KsS1BLvhUJnjQjc=",
		"name": "vim",
		"owner": "vim",
		"repo": "vim",
		"rev": "b5cf53b8b145a20de1b01023fa0f440b677d4c45"
	}
}